
Microsoft Visual Studio Solution File, Format Version 12.00
# Visual Studio Version 16
VisualStudioVersion = 16.0.31727.386
MinimumVisualStudioVersion = 10.0.40219.1
Project("{2150E333-8FDC-42A3-9474-1A3956D46DE8}") = "CreationalPattern", "CreationalPattern", "{E2B1F1FE-E26A-482B-A3C7-C6FEB999A988}"
EndProject
Project("{FAE04EC0-301F-11D3-BF4B-00C04F79EFBC}") = "Factory", "CreationalPattern\Factory\Factory.csproj", "{AED29A4D-81D7-403F-BBC8-E780CF136A08}"
EndProject
Project("{2150E333-8FDC-42A3-9474-1A3956D46DE8}") = "Uml", "Uml", "{08E27B77-10E7-4C08-AE3C-970F8858E1A6}"
EndProject
Project("{FAE04EC0-301F-11D3-BF4B-00C04F79EFBC}") = "Uml", "Uml\Uml\Uml.csproj", "{4D202A5F-74A2-49A0-92F6-AE084F9EBC3B}"
EndProject
Project("{FAE04EC0-301F-11D3-BF4B-00C04F79EFBC}") = "Common", "Common\Common.csproj", "{D31B0997-50A4-4890-A005-56BEB45A0FAD}"
EndProject
Project("{FAE04EC0-301F-11D3-BF4B-00C04F79EFBC}") = "Singleton", "CreationalPattern\Singleton\Singleton.csproj", "{3ED86C1C-C6B0-47EF-921B-AB74F7620D8A}"
EndProject
Project("{FAE04EC0-301F-11D3-BF4B-00C04F79EFBC}") = "Builder", "CreationalPattern\Builder\Builder.csproj", "{E1EA739E-F2AB-41B4-8AB7-D0CE048229EA}"
EndProject
Project("{FAE04EC0-301F-11D3-BF4B-00C04F79EFBC}") = "PrototypePattern", "CreationalPattern\PrototypePattern\PrototypePattern.csproj", "{4BA3E393-E15C-4710-A619-455F2850D928}"
EndProject
Project("{2150E333-8FDC-42A3-9474-1A3956D46DE8}") = "StructuralPattern", "StructuralPattern", "{E59D4B7D-62CD-46C5-9E2D-2341C9F7AC0E}"
EndProject
Project("{FAE04EC0-301F-11D3-BF4B-00C04F79EFBC}") = "AdapterPattern", "StructuralPattern\AdapterPattern\AdapterPattern.csproj", "{96BBFE86-B6E6-462E-A232-6FC93B74CFBF}"
EndProject
Project("{FAE04EC0-301F-11D3-BF4B-00C04F79EFBC}") = "BridgePattern", "StructuralPattern\BridgePattern\BridgePattern.csproj", "{31457E27-3850-4F9C-9B64-8E6EA90BA142}"
EndProject
Project("{FAE04EC0-301F-11D3-BF4B-00C04F79EFBC}") = "DecoratorPattern", "StructuralPattern\DecoratorPattern\DecoratorPattern.csproj", "{CF29D41A-D8AF-4484-8D22-0E390D03A5B4}"
EndProject
Project("{FAE04EC0-301F-11D3-BF4B-00C04F79EFBC}") = "CompositePattern", "StructuralPattern\CompositePattern\CompositePattern.csproj", "{20E4544C-BE36-4F95-A231-0635CA56ACF2}"
EndProject
Global
	GlobalSection(SolutionConfigurationPlatforms) = preSolution
		Debug|Any CPU = Debug|Any CPU
		Release|Any CPU = Release|Any CPU
	EndGlobalSection
	GlobalSection(ProjectConfigurationPlatforms) = postSolution
		{AED29A4D-81D7-403F-BBC8-E780CF136A08}.Debug|Any CPU.ActiveCfg = Debug|Any CPU
		{AED29A4D-81D7-403F-BBC8-E780CF136A08}.Debug|Any CPU.Build.0 = Debug|Any CPU
		{AED29A4D-81D7-403F-BBC8-E780CF136A08}.Release|Any CPU.ActiveCfg = Release|Any CPU
		{AED29A4D-81D7-403F-BBC8-E780CF136A08}.Release|Any CPU.Build.0 = Release|Any CPU
		{4D202A5F-74A2-49A0-92F6-AE084F9EBC3B}.Debug|Any CPU.ActiveCfg = Debug|Any CPU
		{4D202A5F-74A2-49A0-92F6-AE084F9EBC3B}.Debug|Any CPU.Build.0 = Debug|Any CPU
		{4D202A5F-74A2-49A0-92F6-AE084F9EBC3B}.Release|Any CPU.ActiveCfg = Release|Any CPU
		{4D202A5F-74A2-49A0-92F6-AE084F9EBC3B}.Release|Any CPU.Build.0 = Release|Any CPU
		{D31B0997-50A4-4890-A005-56BEB45A0FAD}.Debug|Any CPU.ActiveCfg = Debug|Any CPU
		{D31B0997-50A4-4890-A005-56BEB45A0FAD}.Debug|Any CPU.Build.0 = Debug|Any CPU
		{D31B0997-50A4-4890-A005-56BEB45A0FAD}.Release|Any CPU.ActiveCfg = Release|Any CPU
		{D31B0997-50A4-4890-A005-56BEB45A0FAD}.Release|Any CPU.Build.0 = Release|Any CPU
		{3ED86C1C-C6B0-47EF-921B-AB74F7620D8A}.Debug|Any CPU.ActiveCfg = Debug|Any CPU
		{3ED86C1C-C6B0-47EF-921B-AB74F7620D8A}.Debug|Any CPU.Build.0 = Debug|Any CPU
		{3ED86C1C-C6B0-47EF-921B-AB74F7620D8A}.Release|Any CPU.ActiveCfg = Release|Any CPU
		{3ED86C1C-C6B0-47EF-921B-AB74F7620D8A}.Release|Any CPU.Build.0 = Release|Any CPU
		{E1EA739E-F2AB-41B4-8AB7-D0CE048229EA}.Debug|Any CPU.ActiveCfg = Debug|Any CPU
		{E1EA739E-F2AB-41B4-8AB7-D0CE048229EA}.Debug|Any CPU.Build.0 = Debug|Any CPU
		{E1EA739E-F2AB-41B4-8AB7-D0CE048229EA}.Release|Any CPU.ActiveCfg = Release|Any CPU
		{E1EA739E-F2AB-41B4-8AB7-D0CE048229EA}.Release|Any CPU.Build.0 = Release|Any CPU
		{4BA3E393-E15C-4710-A619-455F2850D928}.Debug|Any CPU.ActiveCfg = Debug|Any CPU
		{4BA3E393-E15C-4710-A619-455F2850D928}.Debug|Any CPU.Build.0 = Debug|Any CPU
		{4BA3E393-E15C-4710-A619-455F2850D928}.Release|Any CPU.ActiveCfg = Release|Any CPU
		{4BA3E393-E15C-4710-A619-455F2850D928}.Release|Any CPU.Build.0 = Release|Any CPU
		{96BBFE86-B6E6-462E-A232-6FC93B74CFBF}.Debug|Any CPU.ActiveCfg = Debug|Any CPU
		{96BBFE86-B6E6-462E-A232-6FC93B74CFBF}.Debug|Any CPU.Build.0 = Debug|Any CPU
		{96BBFE86-B6E6-462E-A232-6FC93B74CFBF}.Release|Any CPU.ActiveCfg = Release|Any CPU
		{96BBFE86-B6E6-462E-A232-6FC93B74CFBF}.Release|Any CPU.Build.0 = Release|Any CPU
		{31457E27-3850-4F9C-9B64-8E6EA90BA142}.Debug|Any CPU.ActiveCfg = Debug|Any CPU
		{31457E27-3850-4F9C-9B64-8E6EA90BA142}.Debug|Any CPU.Build.0 = Debug|Any CPU
		{31457E27-3850-4F9C-9B64-8E6EA90BA142}.Release|Any CPU.ActiveCfg = Release|Any CPU
		{31457E27-3850-4F9C-9B64-8E6EA90BA142}.Release|Any CPU.Build.0 = Release|Any CPU
		{CF29D41A-D8AF-4484-8D22-0E390D03A5B4}.Debug|Any CPU.ActiveCfg = Debug|Any CPU
		{CF29D41A-D8AF-4484-8D22-0E390D03A5B4}.Debug|Any CPU.Build.0 = Debug|Any CPU
		{CF29D41A-D8AF-4484-8D22-0E390D03A5B4}.Release|Any CPU.ActiveCfg = Release|Any CPU
		{CF29D41A-D8AF-4484-8D22-0E390D03A5B4}.Release|Any CPU.Build.0 = Release|Any CPU
		{20E4544C-BE36-4F95-A231-0635CA56ACF2}.Debug|Any CPU.ActiveCfg = Debug|Any CPU
		{20E4544C-BE36-4F95-A231-0635CA56ACF2}.Debug|Any CPU.Build.0 = Debug|Any CPU
		{20E4544C-BE36-4F95-A231-0635CA56ACF2}.Release|Any CPU.ActiveCfg = Release|Any CPU
		{20E4544C-BE36-4F95-A231-0635CA56ACF2}.Release|Any CPU.Build.0 = Release|Any CPU
	EndGlobalSection
	GlobalSection(SolutionProperties) = preSolution
		HideSolutionNode = FALSE
	EndGlobalSection
	GlobalSection(NestedProjects) = preSolution
		{AED29A4D-81D7-403F-BBC8-E780CF136A08} = {E2B1F1FE-E26A-482B-A3C7-C6FEB999A988}
		{4D202A5F-74A2-49A0-92F6-AE084F9EBC3B} = {08E27B77-10E7-4C08-AE3C-970F8858E1A6}
		{3ED86C1C-C6B0-47EF-921B-AB74F7620D8A} = {E2B1F1FE-E26A-482B-A3C7-C6FEB999A988}
		{E1EA739E-F2AB-41B4-8AB7-D0CE048229EA} = {E2B1F1FE-E26A-482B-A3C7-C6FEB999A988}
		{4BA3E393-E15C-4710-A619-455F2850D928} = {E2B1F1FE-E26A-482B-A3C7-C6FEB999A988}
		{96BBFE86-B6E6-462E-A232-6FC93B74CFBF} = {E59D4B7D-62CD-46C5-9E2D-2341C9F7AC0E}
		{31457E27-3850-4F9C-9B64-8E6EA90BA142} = {E59D4B7D-62CD-46C5-9E2D-2341C9F7AC0E}
		{CF29D41A-D8AF-4484-8D22-0E390D03A5B4} = {E59D4B7D-62CD-46C5-9E2D-2341C9F7AC0E}
		{20E4544C-BE36-4F95-A231-0635CA56ACF2} = {E59D4B7D-62CD-46C5-9E2D-2341C9F7AC0E}
	EndGlobalSection
	GlobalSection(ExtensibilityGlobals) = postSolution
		SolutionGuid = {F5809452-9E8D-4382-983D-446AC2767212}
	EndGlobalSection
EndGlobal
